
Microsoft Visual Studio Solution File, Format Version 12.00
# Visual Studio Version 17
VisualStudioVersion = 17.8.34316.72
MinimumVisualStudioVersion = 10.0.40219.1
Project("{2150E333-8FDC-42A3-9474-1A3956D46DE8}") = "SolutionItems", "SolutionItems", "{F6DAAE4A-CE78-4369-8982-B54496C31981}"
	ProjectSection(SolutionItems) = preProject
		.gitignore = .gitignore
		ConfigExtraction\Files\configExample.json = ConfigExtraction\Files\configExample.json
		LICENSE = LICENSE
		publish.ps1 = publish.ps1
		README.md = README.md
	EndProjectSection
EndProject
Project("{FAE04EC0-301F-11D3-BF4B-00C04F79EFBC}") = "DiffGeneration", "DiffGeneration\DiffGeneration.csproj", "{26D0C485-A0F2-492B-977C-7B2723FFBEBE}"
EndProject
Project("{FAE04EC0-301F-11D3-BF4B-00C04F79EFBC}") = "ApplicationConsole", "ApplicationConsole\ApplicationConsole.csproj", "{0CF28A09-61AC-4C6F-A869-2B33B91FF2A2}"
EndProject
Project("{FAE04EC0-301F-11D3-BF4B-00C04F79EFBC}") = "ReferenceExtraction", "ReferenceExtraction\ReferenceExtraction.csproj", "{7CCDCAB3-7999-4E3D-BC49-15DC7E4DC507}"
EndProject
Project("{FAE04EC0-301F-11D3-BF4B-00C04F79EFBC}") = "ConfigExtraction", "ConfigExtraction\ConfigExtraction.csproj", "{B878155A-1C2D-4A60-BB03-8CF036B641E7}"
EndProject
Project("{2150E333-8FDC-42A3-9474-1A3956D46DE8}") = "Tests", "Tests", "{24C81E82-BE61-49B7-B67E-DBC5F016B60C}"
	ProjectSection(SolutionItems) = preProject
		generateTestCoverage.ps1 = generateTestCoverage.ps1
	EndProjectSection
EndProject
Project("{FAE04EC0-301F-11D3-BF4B-00C04F79EFBC}") = "ConfigExtraction.Tests", "ConfigExtraction.Tests\ConfigExtraction.Tests.csproj", "{3E05300E-7468-447A-A233-618D3C7EBF22}"
EndProject
Project("{FAE04EC0-301F-11D3-BF4B-00C04F79EFBC}") = "SharedDependencies", "SharedDependencies\SharedDependencies.csproj", "{024B4E00-ED37-4F4C-93FC-A84EBE68DC1C}"
EndProject
Global
	GlobalSection(SolutionConfigurationPlatforms) = preSolution
		Debug|Any CPU = Debug|Any CPU
		Release|Any CPU = Release|Any CPU
	EndGlobalSection
	GlobalSection(ProjectConfigurationPlatforms) = postSolution
		{26D0C485-A0F2-492B-977C-7B2723FFBEBE}.Debug|Any CPU.ActiveCfg = Debug|Any CPU
		{26D0C485-A0F2-492B-977C-7B2723FFBEBE}.Debug|Any CPU.Build.0 = Debug|Any CPU
		{26D0C485-A0F2-492B-977C-7B2723FFBEBE}.Release|Any CPU.ActiveCfg = Release|Any CPU
		{26D0C485-A0F2-492B-977C-7B2723FFBEBE}.Release|Any CPU.Build.0 = Release|Any CPU
		{0CF28A09-61AC-4C6F-A869-2B33B91FF2A2}.Debug|Any CPU.ActiveCfg = Debug|Any CPU
		{0CF28A09-61AC-4C6F-A869-2B33B91FF2A2}.Debug|Any CPU.Build.0 = Debug|Any CPU
		{0CF28A09-61AC-4C6F-A869-2B33B91FF2A2}.Release|Any CPU.ActiveCfg = Release|Any CPU
		{0CF28A09-61AC-4C6F-A869-2B33B91FF2A2}.Release|Any CPU.Build.0 = Release|Any CPU
		{7CCDCAB3-7999-4E3D-BC49-15DC7E4DC507}.Debug|Any CPU.ActiveCfg = Debug|Any CPU
		{7CCDCAB3-7999-4E3D-BC49-15DC7E4DC507}.Debug|Any CPU.Build.0 = Debug|Any CPU
		{7CCDCAB3-7999-4E3D-BC49-15DC7E4DC507}.Release|Any CPU.ActiveCfg = Release|Any CPU
		{7CCDCAB3-7999-4E3D-BC49-15DC7E4DC507}.Release|Any CPU.Build.0 = Release|Any CPU
		{B878155A-1C2D-4A60-BB03-8CF036B641E7}.Debug|Any CPU.ActiveCfg = Debug|Any CPU
		{B878155A-1C2D-4A60-BB03-8CF036B641E7}.Debug|Any CPU.Build.0 = Debug|Any CPU
		{B878155A-1C2D-4A60-BB03-8CF036B641E7}.Release|Any CPU.ActiveCfg = Release|Any CPU
		{B878155A-1C2D-4A60-BB03-8CF036B641E7}.Release|Any CPU.Build.0 = Release|Any CPU
		{3E05300E-7468-447A-A233-618D3C7EBF22}.Debug|Any CPU.ActiveCfg = Debug|Any CPU
		{3E05300E-7468-447A-A233-618D3C7EBF22}.Debug|Any CPU.Build.0 = Debug|Any CPU
		{3E05300E-7468-447A-A233-618D3C7EBF22}.Release|Any CPU.ActiveCfg = Release|Any CPU
		{3E05300E-7468-447A-A233-618D3C7EBF22}.Release|Any CPU.Build.0 = Release|Any CPU
		{024B4E00-ED37-4F4C-93FC-A84EBE68DC1C}.Debug|Any CPU.ActiveCfg = Debug|Any CPU
		{024B4E00-ED37-4F4C-93FC-A84EBE68DC1C}.Debug|Any CPU.Build.0 = Debug|Any CPU
		{024B4E00-ED37-4F4C-93FC-A84EBE68DC1C}.Release|Any CPU.ActiveCfg = Release|Any CPU
		{024B4E00-ED37-4F4C-93FC-A84EBE68DC1C}.Release|Any CPU.Build.0 = Release|Any CPU
	EndGlobalSection
	GlobalSection(SolutionProperties) = preSolution
		HideSolutionNode = FALSE
	EndGlobalSection
	GlobalSection(NestedProjects) = preSolution
		{3E05300E-7468-447A-A233-618D3C7EBF22} = {24C81E82-BE61-49B7-B67E-DBC5F016B60C}
		{024B4E00-ED37-4F4C-93FC-A84EBE68DC1C} = {F6DAAE4A-CE78-4369-8982-B54496C31981}
	EndGlobalSection
	GlobalSection(ExtensibilityGlobals) = postSolution
		SolutionGuid = {E4C66092-5401-4DFF-99A3-D252047A9690}
	EndGlobalSection
EndGlobal
