
Microsoft Visual Studio Solution File, Format Version 12.00
# Visual Studio Version 17
VisualStudioVersion = 17.9.34728.123
MinimumVisualStudioVersion = 10.0.40219.1
Project("{9A19103F-16F7-4668-BE54-9A1E7A4F7556}") = "ApplicationConsole", "ApplicationConsole\ApplicationConsole.csproj", "{4E6E68B0-1DA8-401B-A328-A766A7205420}"
EndProject
Project("{2150E333-8FDC-42A3-9474-1A3956D46DE8}") = "SolutionItems", "SolutionItems", "{B711C1AD-E855-47EE-B1F2-26F21ED893F2}"
	ProjectSection(SolutionItems) = preProject
		.gitignore = .gitignore
	EndProjectSection
EndProject
Project("{9A19103F-16F7-4668-BE54-9A1E7A4F7556}") = "DiffGeneration", "DiffGeneration\DiffGeneration.csproj", "{5FE9317B-7634-4A3D-9634-9B8697C84CA2}"
EndProject
Project("{9A19103F-16F7-4668-BE54-9A1E7A4F7556}") = "ExtractReferences", "ExtractReferences\ExtractReferences.csproj", "{AE4D08E8-7338-4778-947A-CE0887BAD67C}"
EndProject
Project("{9A19103F-16F7-4668-BE54-9A1E7A4F7556}") = "FileGeneration", "FileGeneration\FileGeneration.csproj", "{ADEB8BBD-1C21-421F-9497-FCEA0D971730}"
EndProject
Project("{2150E333-8FDC-42A3-9474-1A3956D46DE8}") = "Tests", "Tests", "{D2270D93-0BEF-450F-BF78-6F5ED43C7997}"
EndProject
Project("{9A19103F-16F7-4668-BE54-9A1E7A4F7556}") = "ApplicationConsole.Tests", "ApplicationConsole.Tests\ApplicationConsole.Tests.csproj", "{1EA612F7-39D3-4D31-B41E-F5377AFF70ED}"
EndProject
Project("{FAE04EC0-301F-11D3-BF4B-00C04F79EFBC}") = "TestHelpers", "TestHelpers\TestHelpers.csproj", "{583BB888-6670-4261-88C9-0A3DD6A3BD44}"
EndProject
Project("{FAE04EC0-301F-11D3-BF4B-00C04F79EFBC}") = "DiffGeneration.Tests", "DiffGeneration.Tests\DiffGeneration.Tests.csproj", "{0C5E5529-DB3C-4EBE-AA9F-F4DE203DE2EA}"
EndProject
Project("{FAE04EC0-301F-11D3-BF4B-00C04F79EFBC}") = "ExtractReferences.Tests", "ExtractReferences.Tests\ExtractReferences.Tests.csproj", "{C67F1604-3CF3-4EA9-92BD-A98886ACE154}"
EndProject
Project("{FAE04EC0-301F-11D3-BF4B-00C04F79EFBC}") = "FileGeneration.Tests", "FileGeneration.Tests\FileGeneration.Tests.csproj", "{9C0EEFF5-F870-4B23-9811-23D083CBDEDD}"
EndProject
Project("{FAE04EC0-301F-11D3-BF4B-00C04F79EFBC}") = "Integration.Tests", "Integration.Tests\Integration.Tests.csproj", "{117C4B4D-AF74-4434-90A2-99CB9249D474}"
EndProject
Global
	GlobalSection(SolutionConfigurationPlatforms) = preSolution
		Debug|Any CPU = Debug|Any CPU
		Release|Any CPU = Release|Any CPU
	EndGlobalSection
	GlobalSection(ProjectConfigurationPlatforms) = postSolution
		{4E6E68B0-1DA8-401B-A328-A766A7205420}.Debug|Any CPU.ActiveCfg = Debug|Any CPU
		{4E6E68B0-1DA8-401B-A328-A766A7205420}.Debug|Any CPU.Build.0 = Debug|Any CPU
		{4E6E68B0-1DA8-401B-A328-A766A7205420}.Release|Any CPU.ActiveCfg = Release|Any CPU
		{4E6E68B0-1DA8-401B-A328-A766A7205420}.Release|Any CPU.Build.0 = Release|Any CPU
		{5FE9317B-7634-4A3D-9634-9B8697C84CA2}.Debug|Any CPU.ActiveCfg = Debug|Any CPU
		{5FE9317B-7634-4A3D-9634-9B8697C84CA2}.Debug|Any CPU.Build.0 = Debug|Any CPU
		{5FE9317B-7634-4A3D-9634-9B8697C84CA2}.Release|Any CPU.ActiveCfg = Release|Any CPU
		{5FE9317B-7634-4A3D-9634-9B8697C84CA2}.Release|Any CPU.Build.0 = Release|Any CPU
		{AE4D08E8-7338-4778-947A-CE0887BAD67C}.Debug|Any CPU.ActiveCfg = Debug|Any CPU
		{AE4D08E8-7338-4778-947A-CE0887BAD67C}.Debug|Any CPU.Build.0 = Debug|Any CPU
		{AE4D08E8-7338-4778-947A-CE0887BAD67C}.Release|Any CPU.ActiveCfg = Release|Any CPU
		{AE4D08E8-7338-4778-947A-CE0887BAD67C}.Release|Any CPU.Build.0 = Release|Any CPU
		{ADEB8BBD-1C21-421F-9497-FCEA0D971730}.Debug|Any CPU.ActiveCfg = Debug|Any CPU
		{ADEB8BBD-1C21-421F-9497-FCEA0D971730}.Debug|Any CPU.Build.0 = Debug|Any CPU
		{ADEB8BBD-1C21-421F-9497-FCEA0D971730}.Release|Any CPU.ActiveCfg = Release|Any CPU
		{ADEB8BBD-1C21-421F-9497-FCEA0D971730}.Release|Any CPU.Build.0 = Release|Any CPU
		{1EA612F7-39D3-4D31-B41E-F5377AFF70ED}.Debug|Any CPU.ActiveCfg = Debug|Any CPU
		{1EA612F7-39D3-4D31-B41E-F5377AFF70ED}.Debug|Any CPU.Build.0 = Debug|Any CPU
		{1EA612F7-39D3-4D31-B41E-F5377AFF70ED}.Release|Any CPU.ActiveCfg = Release|Any CPU
		{1EA612F7-39D3-4D31-B41E-F5377AFF70ED}.Release|Any CPU.Build.0 = Release|Any CPU
		{583BB888-6670-4261-88C9-0A3DD6A3BD44}.Debug|Any CPU.ActiveCfg = Debug|Any CPU
		{583BB888-6670-4261-88C9-0A3DD6A3BD44}.Debug|Any CPU.Build.0 = Debug|Any CPU
		{583BB888-6670-4261-88C9-0A3DD6A3BD44}.Release|Any CPU.ActiveCfg = Release|Any CPU
		{583BB888-6670-4261-88C9-0A3DD6A3BD44}.Release|Any CPU.Build.0 = Release|Any CPU
		{0C5E5529-DB3C-4EBE-AA9F-F4DE203DE2EA}.Debug|Any CPU.ActiveCfg = Debug|Any CPU
		{0C5E5529-DB3C-4EBE-AA9F-F4DE203DE2EA}.Debug|Any CPU.Build.0 = Debug|Any CPU
		{0C5E5529-DB3C-4EBE-AA9F-F4DE203DE2EA}.Release|Any CPU.ActiveCfg = Release|Any CPU
		{0C5E5529-DB3C-4EBE-AA9F-F4DE203DE2EA}.Release|Any CPU.Build.0 = Release|Any CPU
		{C67F1604-3CF3-4EA9-92BD-A98886ACE154}.Debug|Any CPU.ActiveCfg = Debug|Any CPU
		{C67F1604-3CF3-4EA9-92BD-A98886ACE154}.Debug|Any CPU.Build.0 = Debug|Any CPU
		{C67F1604-3CF3-4EA9-92BD-A98886ACE154}.Release|Any CPU.ActiveCfg = Release|Any CPU
		{C67F1604-3CF3-4EA9-92BD-A98886ACE154}.Release|Any CPU.Build.0 = Release|Any CPU
		{9C0EEFF5-F870-4B23-9811-23D083CBDEDD}.Debug|Any CPU.ActiveCfg = Debug|Any CPU
		{9C0EEFF5-F870-4B23-9811-23D083CBDEDD}.Debug|Any CPU.Build.0 = Debug|Any CPU
		{9C0EEFF5-F870-4B23-9811-23D083CBDEDD}.Release|Any CPU.ActiveCfg = Release|Any CPU
		{9C0EEFF5-F870-4B23-9811-23D083CBDEDD}.Release|Any CPU.Build.0 = Release|Any CPU
		{117C4B4D-AF74-4434-90A2-99CB9249D474}.Debug|Any CPU.ActiveCfg = Debug|Any CPU
		{117C4B4D-AF74-4434-90A2-99CB9249D474}.Debug|Any CPU.Build.0 = Debug|Any CPU
		{117C4B4D-AF74-4434-90A2-99CB9249D474}.Release|Any CPU.ActiveCfg = Release|Any CPU
		{117C4B4D-AF74-4434-90A2-99CB9249D474}.Release|Any CPU.Build.0 = Release|Any CPU
	EndGlobalSection
	GlobalSection(SolutionProperties) = preSolution
		HideSolutionNode = FALSE
	EndGlobalSection
	GlobalSection(NestedProjects) = preSolution
		{1EA612F7-39D3-4D31-B41E-F5377AFF70ED} = {D2270D93-0BEF-450F-BF78-6F5ED43C7997}
		{583BB888-6670-4261-88C9-0A3DD6A3BD44} = {D2270D93-0BEF-450F-BF78-6F5ED43C7997}
		{0C5E5529-DB3C-4EBE-AA9F-F4DE203DE2EA} = {D2270D93-0BEF-450F-BF78-6F5ED43C7997}
		{C67F1604-3CF3-4EA9-92BD-A98886ACE154} = {D2270D93-0BEF-450F-BF78-6F5ED43C7997}
		{9C0EEFF5-F870-4B23-9811-23D083CBDEDD} = {D2270D93-0BEF-450F-BF78-6F5ED43C7997}
		{117C4B4D-AF74-4434-90A2-99CB9249D474} = {D2270D93-0BEF-450F-BF78-6F5ED43C7997}
	EndGlobalSection
	GlobalSection(ExtensibilityGlobals) = postSolution
		SolutionGuid = {BF4C316D-B022-4C43-AB9E-CBEBEC60B369}
	EndGlobalSection
EndGlobal
