
Microsoft Visual Studio Solution File, Format Version 12.00
# Visual Studio Version 17
VisualStudioVersion = 17.9.34728.123
MinimumVisualStudioVersion = 10.0.40219.1
Project("{FAE04EC0-301F-11D3-BF4B-00C04F79EFBC}") = "ApplicationConsole", "ApplicationConsole\ApplicationConsole.csproj", "{4E6E68B0-1DA8-401B-A328-A766A7205420}"
EndProject
Project("{2150E333-8FDC-42A3-9474-1A3956D46DE8}") = "SolutionItems", "SolutionItems", "{B711C1AD-E855-47EE-B1F2-26F21ED893F2}"
	ProjectSection(SolutionItems) = preProject
		.gitignore = .gitignore
	EndProjectSection
EndProject
Global
	GlobalSection(SolutionConfigurationPlatforms) = preSolution
		Debug|Any CPU = Debug|Any CPU
		Release|Any CPU = Release|Any CPU
	EndGlobalSection
	GlobalSection(ProjectConfigurationPlatforms) = postSolution
		{4E6E68B0-1DA8-401B-A328-A766A7205420}.Debug|Any CPU.ActiveCfg = Debug|Any CPU
		{4E6E68B0-1DA8-401B-A328-A766A7205420}.Debug|Any CPU.Build.0 = Debug|Any CPU
		{4E6E68B0-1DA8-401B-A328-A766A7205420}.Release|Any CPU.ActiveCfg = Release|Any CPU
		{4E6E68B0-1DA8-401B-A328-A766A7205420}.Release|Any CPU.Build.0 = Release|Any CPU
	EndGlobalSection
	GlobalSection(SolutionProperties) = preSolution
		HideSolutionNode = FALSE
	EndGlobalSection
	GlobalSection(ExtensibilityGlobals) = postSolution
		SolutionGuid = {BF4C316D-B022-4C43-AB9E-CBEBEC60B369}
	EndGlobalSection
EndGlobal
